
Microsoft Visual Studio Solution File, Format Version 12.00
# Visual Studio 15
VisualStudioVersion = 15.0.26730.15
MinimumVisualStudioVersion = 10.0.40219.1
Project("{FAE04EC0-301F-11D3-BF4B-00C04F79EFBC}") = "PasswordGenerator", "PasswordGenerator\PasswordGenerator.csproj", "{8E68ED15-FCB5-45C6-814D-E2A4BE5AA499}"
EndProject
Project("{FAE04EC0-301F-11D3-BF4B-00C04F79EFBC}") = "Swap2numbers", "Swap2numbers\Swap2numbers.csproj", "{1E297163-4CE4-4D31-A289-4153ABE5BF88}"
EndProject
Project("{FAE04EC0-301F-11D3-BF4B-00C04F79EFBC}") = "BlackjackGame", "BlackjackGame\BlackjackGame.csproj", "{62DC0DF3-3F37-40FF-B0DD-9DB8B3BC76FC}"
EndProject
Project("{FAE04EC0-301F-11D3-BF4B-00C04F79EFBC}") = "CaesarCipherDEncryption", "CaesarCipherDEncryption\CaesarCipherDEncryption.csproj", "{2F6DA06E-BC67-4D6F-A1F8-5228E7C96F16}"
EndProject
Project("{FAE04EC0-301F-11D3-BF4B-00C04F79EFBC}") = "TextToMorseCode", "TextToMorseCode\TextToMorseCode.csproj", "{2BDEBE41-3487-4386-9556-F143D24F00DE}"
EndProject
Project("{FAE04EC0-301F-11D3-BF4B-00C04F79EFBC}") = "BruteForcePassword", "BruteForcePassword\BruteForcePassword.csproj", "{C755A654-E339-44D9-B72C-B735A3B05B04}"
EndProject
Project("{FAE04EC0-301F-11D3-BF4B-00C04F79EFBC}") = "PasswordStrengthCheck", "PasswordStrengthCheck\PasswordStrengthCheck.csproj", "{3BBD1645-5007-4998-BC41-537941B5653E}"
EndProject
Project("{FAE04EC0-301F-11D3-BF4B-00C04F79EFBC}") = "DatatypeSize", "DatatypeSize\DatatypeSize.csproj", "{7DA71449-D239-4089-963D-FA4BCB883656}"
EndProject
Project("{FAE04EC0-301F-11D3-BF4B-00C04F79EFBC}") = "FactorialRecur", "FactorialRecur\FactorialRecur.csproj", "{467FD59A-8E62-4F19-94CD-255E1C5B2405}"
EndProject
Project("{FAE04EC0-301F-11D3-BF4B-00C04F79EFBC}") = "ComparingNumbers", "ComparingNumbers\ComparingNumbers.csproj", "{8E978815-6263-45D7-91FB-715F1DEB0C45}"
EndProject
Project("{FAE04EC0-301F-11D3-BF4B-00C04F79EFBC}") = "HtmlDownloader", "HtmlDownloader\HtmlDownloader.csproj", "{CC40C5AA-01CD-48B1-B86E-E70821FEABFD}"
EndProject
Project("{FAE04EC0-301F-11D3-BF4B-00C04F79EFBC}") = "MovieReader", "MovieReader\MovieReader.csproj", "{96F38648-4AF8-41BF-BDF5-6F3132F7E78A}"
EndProject
Project("{FAE04EC0-301F-11D3-BF4B-00C04F79EFBC}") = "GetIP", "GetIP\GetIP.csproj", "{E30CC954-6C87-49B7-B478-FF2E5B2C0ADD}"
EndProject
Project("{FAE04EC0-301F-11D3-BF4B-00C04F79EFBC}") = "Sorting", "Sorting\Sorting.csproj", "{196A32F7-6B29-454B-85EA-1839C4858B0F}"
EndProject
Project("{FAE04EC0-301F-11D3-BF4B-00C04F79EFBC}") = "BandwidthChecker", "BandwidthChecker\BandwidthChecker.csproj", "{893637B3-A97B-4C06-BC06-A382D47B16C6}"
EndProject
Global
	GlobalSection(SolutionConfigurationPlatforms) = preSolution
		Debug|Any CPU = Debug|Any CPU
		Release|Any CPU = Release|Any CPU
	EndGlobalSection
	GlobalSection(ProjectConfigurationPlatforms) = postSolution
		{8E68ED15-FCB5-45C6-814D-E2A4BE5AA499}.Debug|Any CPU.ActiveCfg = Debug|Any CPU
		{8E68ED15-FCB5-45C6-814D-E2A4BE5AA499}.Debug|Any CPU.Build.0 = Debug|Any CPU
		{8E68ED15-FCB5-45C6-814D-E2A4BE5AA499}.Release|Any CPU.ActiveCfg = Release|Any CPU
		{8E68ED15-FCB5-45C6-814D-E2A4BE5AA499}.Release|Any CPU.Build.0 = Release|Any CPU
		{1E297163-4CE4-4D31-A289-4153ABE5BF88}.Debug|Any CPU.ActiveCfg = Debug|Any CPU
		{1E297163-4CE4-4D31-A289-4153ABE5BF88}.Debug|Any CPU.Build.0 = Debug|Any CPU
		{1E297163-4CE4-4D31-A289-4153ABE5BF88}.Release|Any CPU.ActiveCfg = Release|Any CPU
		{1E297163-4CE4-4D31-A289-4153ABE5BF88}.Release|Any CPU.Build.0 = Release|Any CPU
		{62DC0DF3-3F37-40FF-B0DD-9DB8B3BC76FC}.Debug|Any CPU.ActiveCfg = Debug|Any CPU
		{62DC0DF3-3F37-40FF-B0DD-9DB8B3BC76FC}.Debug|Any CPU.Build.0 = Debug|Any CPU
		{62DC0DF3-3F37-40FF-B0DD-9DB8B3BC76FC}.Release|Any CPU.ActiveCfg = Release|Any CPU
		{62DC0DF3-3F37-40FF-B0DD-9DB8B3BC76FC}.Release|Any CPU.Build.0 = Release|Any CPU
		{2F6DA06E-BC67-4D6F-A1F8-5228E7C96F16}.Debug|Any CPU.ActiveCfg = Debug|Any CPU
		{2F6DA06E-BC67-4D6F-A1F8-5228E7C96F16}.Debug|Any CPU.Build.0 = Debug|Any CPU
		{2F6DA06E-BC67-4D6F-A1F8-5228E7C96F16}.Release|Any CPU.ActiveCfg = Release|Any CPU
		{2F6DA06E-BC67-4D6F-A1F8-5228E7C96F16}.Release|Any CPU.Build.0 = Release|Any CPU
		{2BDEBE41-3487-4386-9556-F143D24F00DE}.Debug|Any CPU.ActiveCfg = Debug|Any CPU
		{2BDEBE41-3487-4386-9556-F143D24F00DE}.Debug|Any CPU.Build.0 = Debug|Any CPU
		{2BDEBE41-3487-4386-9556-F143D24F00DE}.Release|Any CPU.ActiveCfg = Release|Any CPU
		{2BDEBE41-3487-4386-9556-F143D24F00DE}.Release|Any CPU.Build.0 = Release|Any CPU
		{C755A654-E339-44D9-B72C-B735A3B05B04}.Debug|Any CPU.ActiveCfg = Debug|Any CPU
		{C755A654-E339-44D9-B72C-B735A3B05B04}.Debug|Any CPU.Build.0 = Debug|Any CPU
		{C755A654-E339-44D9-B72C-B735A3B05B04}.Release|Any CPU.ActiveCfg = Release|Any CPU
		{C755A654-E339-44D9-B72C-B735A3B05B04}.Release|Any CPU.Build.0 = Release|Any CPU
		{3BBD1645-5007-4998-BC41-537941B5653E}.Debug|Any CPU.ActiveCfg = Debug|Any CPU
		{3BBD1645-5007-4998-BC41-537941B5653E}.Debug|Any CPU.Build.0 = Debug|Any CPU
		{3BBD1645-5007-4998-BC41-537941B5653E}.Release|Any CPU.ActiveCfg = Release|Any CPU
		{3BBD1645-5007-4998-BC41-537941B5653E}.Release|Any CPU.Build.0 = Release|Any CPU
		{7DA71449-D239-4089-963D-FA4BCB883656}.Debug|Any CPU.ActiveCfg = Debug|Any CPU
		{7DA71449-D239-4089-963D-FA4BCB883656}.Debug|Any CPU.Build.0 = Debug|Any CPU
		{7DA71449-D239-4089-963D-FA4BCB883656}.Release|Any CPU.ActiveCfg = Release|Any CPU
		{7DA71449-D239-4089-963D-FA4BCB883656}.Release|Any CPU.Build.0 = Release|Any CPU
		{467FD59A-8E62-4F19-94CD-255E1C5B2405}.Debug|Any CPU.ActiveCfg = Debug|Any CPU
		{467FD59A-8E62-4F19-94CD-255E1C5B2405}.Debug|Any CPU.Build.0 = Debug|Any CPU
		{467FD59A-8E62-4F19-94CD-255E1C5B2405}.Release|Any CPU.ActiveCfg = Release|Any CPU
		{467FD59A-8E62-4F19-94CD-255E1C5B2405}.Release|Any CPU.Build.0 = Release|Any CPU
		{8E978815-6263-45D7-91FB-715F1DEB0C45}.Debug|Any CPU.ActiveCfg = Debug|Any CPU
		{8E978815-6263-45D7-91FB-715F1DEB0C45}.Debug|Any CPU.Build.0 = Debug|Any CPU
		{8E978815-6263-45D7-91FB-715F1DEB0C45}.Release|Any CPU.ActiveCfg = Release|Any CPU
		{8E978815-6263-45D7-91FB-715F1DEB0C45}.Release|Any CPU.Build.0 = Release|Any CPU
		{CC40C5AA-01CD-48B1-B86E-E70821FEABFD}.Debug|Any CPU.ActiveCfg = Debug|Any CPU
		{CC40C5AA-01CD-48B1-B86E-E70821FEABFD}.Debug|Any CPU.Build.0 = Debug|Any CPU
		{CC40C5AA-01CD-48B1-B86E-E70821FEABFD}.Release|Any CPU.ActiveCfg = Release|Any CPU
		{CC40C5AA-01CD-48B1-B86E-E70821FEABFD}.Release|Any CPU.Build.0 = Release|Any CPU
		{96F38648-4AF8-41BF-BDF5-6F3132F7E78A}.Debug|Any CPU.ActiveCfg = Debug|Any CPU
		{96F38648-4AF8-41BF-BDF5-6F3132F7E78A}.Debug|Any CPU.Build.0 = Debug|Any CPU
		{96F38648-4AF8-41BF-BDF5-6F3132F7E78A}.Release|Any CPU.ActiveCfg = Release|Any CPU
		{96F38648-4AF8-41BF-BDF5-6F3132F7E78A}.Release|Any CPU.Build.0 = Release|Any CPU
		{E30CC954-6C87-49B7-B478-FF2E5B2C0ADD}.Debug|Any CPU.ActiveCfg = Debug|Any CPU
		{E30CC954-6C87-49B7-B478-FF2E5B2C0ADD}.Debug|Any CPU.Build.0 = Debug|Any CPU
		{E30CC954-6C87-49B7-B478-FF2E5B2C0ADD}.Release|Any CPU.ActiveCfg = Release|Any CPU
		{E30CC954-6C87-49B7-B478-FF2E5B2C0ADD}.Release|Any CPU.Build.0 = Release|Any CPU
		{196A32F7-6B29-454B-85EA-1839C4858B0F}.Debug|Any CPU.ActiveCfg = Debug|Any CPU
		{196A32F7-6B29-454B-85EA-1839C4858B0F}.Debug|Any CPU.Build.0 = Debug|Any CPU
		{196A32F7-6B29-454B-85EA-1839C4858B0F}.Release|Any CPU.ActiveCfg = Release|Any CPU
		{196A32F7-6B29-454B-85EA-1839C4858B0F}.Release|Any CPU.Build.0 = Release|Any CPU
		{893637B3-A97B-4C06-BC06-A382D47B16C6}.Debug|Any CPU.ActiveCfg = Debug|Any CPU
		{893637B3-A97B-4C06-BC06-A382D47B16C6}.Debug|Any CPU.Build.0 = Debug|Any CPU
		{893637B3-A97B-4C06-BC06-A382D47B16C6}.Release|Any CPU.ActiveCfg = Release|Any CPU
		{893637B3-A97B-4C06-BC06-A382D47B16C6}.Release|Any CPU.Build.0 = Release|Any CPU
	EndGlobalSection
	GlobalSection(SolutionProperties) = preSolution
		HideSolutionNode = FALSE
	EndGlobalSection
	GlobalSection(ExtensibilityGlobals) = postSolution
		SolutionGuid = {B64A0F67-E6E2-4181-AFA2-5825CAAE803E}
	EndGlobalSection
EndGlobal
