
Microsoft Visual Studio Solution File, Format Version 12.00
# Visual Studio 15
VisualStudioVersion = 15.0.26430.14
MinimumVisualStudioVersion = 10.0.40219.1
Project("{FAE04EC0-301F-11D3-BF4B-00C04F79EFBC}") = "OOP2Ex1", "OOP2Ex1\OOP2Ex1.csproj", "{64B3C299-0F60-4051-A7F1-C64203246F69}"
EndProject
Global
	GlobalSection(SolutionConfigurationPlatforms) = preSolution
		Debug|Any CPU = Debug|Any CPU
		Release|Any CPU = Release|Any CPU
	EndGlobalSection
	GlobalSection(ProjectConfigurationPlatforms) = postSolution
		{64B3C299-0F60-4051-A7F1-C64203246F69}.Debug|Any CPU.ActiveCfg = Debug|Any CPU
		{64B3C299-0F60-4051-A7F1-C64203246F69}.Debug|Any CPU.Build.0 = Debug|Any CPU
		{64B3C299-0F60-4051-A7F1-C64203246F69}.Release|Any CPU.ActiveCfg = Release|Any CPU
		{64B3C299-0F60-4051-A7F1-C64203246F69}.Release|Any CPU.Build.0 = Release|Any CPU
	EndGlobalSection
	GlobalSection(SolutionProperties) = preSolution
		HideSolutionNode = FALSE
	EndGlobalSection
EndGlobal
