
Microsoft Visual Studio Solution File, Format Version 12.00
# Visual Studio 15
VisualStudioVersion = 15.0.26730.12
MinimumVisualStudioVersion = 10.0.40219.1
Project("{FAE04EC0-301F-11D3-BF4B-00C04F79EFBC}") = "BCCCBackend", "BCCCBackend\BCCCBackend.csproj", "{57CD19CD-EC55-4C97-B38B-4BBF2D4DEF5B}"
EndProject
Global
	GlobalSection(SolutionConfigurationPlatforms) = preSolution
		Debug|Any CPU = Debug|Any CPU
		Release|Any CPU = Release|Any CPU
	EndGlobalSection
	GlobalSection(ProjectConfigurationPlatforms) = postSolution
		{57CD19CD-EC55-4C97-B38B-4BBF2D4DEF5B}.Debug|Any CPU.ActiveCfg = Debug|Any CPU
		{57CD19CD-EC55-4C97-B38B-4BBF2D4DEF5B}.Debug|Any CPU.Build.0 = Debug|Any CPU
		{57CD19CD-EC55-4C97-B38B-4BBF2D4DEF5B}.Release|Any CPU.ActiveCfg = Release|Any CPU
		{57CD19CD-EC55-4C97-B38B-4BBF2D4DEF5B}.Release|Any CPU.Build.0 = Release|Any CPU
	EndGlobalSection
	GlobalSection(SolutionProperties) = preSolution
		HideSolutionNode = FALSE
	EndGlobalSection
	GlobalSection(ExtensibilityGlobals) = postSolution
		SolutionGuid = {3E5BCB76-B7EC-48C4-9AD9-3B76C1A66610}
	EndGlobalSection
EndGlobal
