
Microsoft Visual Studio Solution File, Format Version 12.00
# Visual Studio 15
VisualStudioVersion = 15.0.26730.12
MinimumVisualStudioVersion = 10.0.40219.1
Project("{FAE04EC0-301F-11D3-BF4B-00C04F79EFBC}") = "ASPNETPT", "ASPNETPT\ASPNETPT.csproj", "{CACF4DB9-B722-41A5-A9E7-D6B99397B347}"
EndProject
Global
	GlobalSection(SolutionConfigurationPlatforms) = preSolution
		Debug|Any CPU = Debug|Any CPU
		Release|Any CPU = Release|Any CPU
	EndGlobalSection
	GlobalSection(ProjectConfigurationPlatforms) = postSolution
		{CACF4DB9-B722-41A5-A9E7-D6B99397B347}.Debug|Any CPU.ActiveCfg = Debug|Any CPU
		{CACF4DB9-B722-41A5-A9E7-D6B99397B347}.Debug|Any CPU.Build.0 = Debug|Any CPU
		{CACF4DB9-B722-41A5-A9E7-D6B99397B347}.Release|Any CPU.ActiveCfg = Release|Any CPU
		{CACF4DB9-B722-41A5-A9E7-D6B99397B347}.Release|Any CPU.Build.0 = Release|Any CPU
	EndGlobalSection
	GlobalSection(SolutionProperties) = preSolution
		HideSolutionNode = FALSE
	EndGlobalSection
	GlobalSection(ExtensibilityGlobals) = postSolution
		SolutionGuid = {DEA1D915-C283-47A8-B2BB-DC338149C746}
	EndGlobalSection
EndGlobal
